
Microsoft Visual Studio Solution File, Format Version 12.00
# Visual Studio Version 16
VisualStudioVersion = 16.0.29926.136
MinimumVisualStudioVersion = 10.0.40219.1
Project("{9A19103F-16F7-4668-BE54-9A1E7A4F7556}") = "VirtualPathSample", "VirtualPathSample.csproj", "{F4ADFB78-91BB-44F9-9135-0F09998B13D8}"
EndProject
Project("{9A19103F-16F7-4668-BE54-9A1E7A4F7556}") = "Azure.WebJobs.Extensions.HttpApi", "..\..\src\Azure.WebJobs.Extensions.HttpApi\Azure.WebJobs.Extensions.HttpApi.csproj", "{722E5142-1AC4-40A4-AD33-8FC3F4405A3B}"
EndProject
Global
	GlobalSection(SolutionConfigurationPlatforms) = preSolution
		Debug|Any CPU = Debug|Any CPU
		Release|Any CPU = Release|Any CPU
	EndGlobalSection
	GlobalSection(ProjectConfigurationPlatforms) = postSolution
		{F4ADFB78-91BB-44F9-9135-0F09998B13D8}.Debug|Any CPU.ActiveCfg = Debug|Any CPU
		{F4ADFB78-91BB-44F9-9135-0F09998B13D8}.Debug|Any CPU.Build.0 = Debug|Any CPU
		{F4ADFB78-91BB-44F9-9135-0F09998B13D8}.Release|Any CPU.ActiveCfg = Release|Any CPU
		{F4ADFB78-91BB-44F9-9135-0F09998B13D8}.Release|Any CPU.Build.0 = Release|Any CPU
		{722E5142-1AC4-40A4-AD33-8FC3F4405A3B}.Debug|Any CPU.ActiveCfg = Debug|Any CPU
		{722E5142-1AC4-40A4-AD33-8FC3F4405A3B}.Debug|Any CPU.Build.0 = Debug|Any CPU
		{722E5142-1AC4-40A4-AD33-8FC3F4405A3B}.Release|Any CPU.ActiveCfg = Release|Any CPU
		{722E5142-1AC4-40A4-AD33-8FC3F4405A3B}.Release|Any CPU.Build.0 = Release|Any CPU
	EndGlobalSection
	GlobalSection(SolutionProperties) = preSolution
		HideSolutionNode = FALSE
	EndGlobalSection
	GlobalSection(ExtensibilityGlobals) = postSolution
		SolutionGuid = {64D099C1-A439-479B-BE89-4F0C1C2E4FA6}
	EndGlobalSection
EndGlobal
